
Microsoft Visual Studio Solution File, Format Version 12.00
# Visual Studio 15
VisualStudioVersion = 15.0.27428.2015
MinimumVisualStudioVersion = 10.0.40219.1
Project("{8BC9CEB8-8B4A-11D0-8D11-00A0C91BC942}") = "Length", "Length.vcxproj", "{E247F496-7A1D-4850-8996-AD98CDBEBA51}"
EndProject
Global
	GlobalSection(SolutionConfigurationPlatforms) = preSolution
		Debug|x64 = Debug|x64
		Debug|x86 = Debug|x86
		Release|x64 = Release|x64
		Release|x86 = Release|x86
	EndGlobalSection
	GlobalSection(ProjectConfigurationPlatforms) = postSolution
		{E247F496-7A1D-4850-8996-AD98CDBEBA51}.Debug|x64.ActiveCfg = Debug|x64
		{E247F496-7A1D-4850-8996-AD98CDBEBA51}.Debug|x64.Build.0 = Debug|x64
		{E247F496-7A1D-4850-8996-AD98CDBEBA51}.Debug|x86.ActiveCfg = Debug|Win32
		{E247F496-7A1D-4850-8996-AD98CDBEBA51}.Debug|x86.Build.0 = Debug|Win32
		{E247F496-7A1D-4850-8996-AD98CDBEBA51}.Release|x64.ActiveCfg = Release|x64
		{E247F496-7A1D-4850-8996-AD98CDBEBA51}.Release|x64.Build.0 = Release|x64
		{E247F496-7A1D-4850-8996-AD98CDBEBA51}.Release|x86.ActiveCfg = Release|Win32
		{E247F496-7A1D-4850-8996-AD98CDBEBA51}.Release|x86.Build.0 = Release|Win32
	EndGlobalSection
	GlobalSection(SolutionProperties) = preSolution
		HideSolutionNode = FALSE
	EndGlobalSection
	GlobalSection(ExtensibilityGlobals) = postSolution
		SolutionGuid = {D2C56412-E29E-4CDC-A900-DD88F3B03242}
	EndGlobalSection
EndGlobal
