
Microsoft Visual Studio Solution File, Format Version 12.00
# Visual Studio 15
VisualStudioVersion = 15.0.27428.2015
MinimumVisualStudioVersion = 10.0.40219.1
Project("{8BC9CEB8-8B4A-11D0-8D11-00A0C91BC942}") = "Scale", "Scale.vcxproj", "{930D177D-47CE-4947-BC34-64D02A5E683A}"
EndProject
Global
	GlobalSection(SolutionConfigurationPlatforms) = preSolution
		Debug|x64 = Debug|x64
		Debug|x86 = Debug|x86
		Release|x64 = Release|x64
		Release|x86 = Release|x86
	EndGlobalSection
	GlobalSection(ProjectConfigurationPlatforms) = postSolution
		{930D177D-47CE-4947-BC34-64D02A5E683A}.Debug|x64.ActiveCfg = Debug|x64
		{930D177D-47CE-4947-BC34-64D02A5E683A}.Debug|x64.Build.0 = Debug|x64
		{930D177D-47CE-4947-BC34-64D02A5E683A}.Debug|x86.ActiveCfg = Debug|Win32
		{930D177D-47CE-4947-BC34-64D02A5E683A}.Debug|x86.Build.0 = Debug|Win32
		{930D177D-47CE-4947-BC34-64D02A5E683A}.Release|x64.ActiveCfg = Release|x64
		{930D177D-47CE-4947-BC34-64D02A5E683A}.Release|x64.Build.0 = Release|x64
		{930D177D-47CE-4947-BC34-64D02A5E683A}.Release|x86.ActiveCfg = Release|Win32
		{930D177D-47CE-4947-BC34-64D02A5E683A}.Release|x86.Build.0 = Release|Win32
	EndGlobalSection
	GlobalSection(SolutionProperties) = preSolution
		HideSolutionNode = FALSE
	EndGlobalSection
	GlobalSection(ExtensibilityGlobals) = postSolution
		SolutionGuid = {14FD6CD8-3CB4-4420-AC99-DA931A599DE7}
	EndGlobalSection
EndGlobal
