
Microsoft Visual Studio Solution File, Format Version 12.00
# Visual Studio 15
VisualStudioVersion = 15.0.27428.2015
MinimumVisualStudioVersion = 10.0.40219.1
Project("{8BC9CEB8-8B4A-11D0-8D11-00A0C91BC942}") = "Saving_Universe", "Saving_Universe.vcxproj", "{A7AAA025-4DD9-427A-ABBA-C1DD1C447B29}"
EndProject
Global
	GlobalSection(SolutionConfigurationPlatforms) = preSolution
		Debug|x64 = Debug|x64
		Debug|x86 = Debug|x86
		Release|x64 = Release|x64
		Release|x86 = Release|x86
	EndGlobalSection
	GlobalSection(ProjectConfigurationPlatforms) = postSolution
		{A7AAA025-4DD9-427A-ABBA-C1DD1C447B29}.Debug|x64.ActiveCfg = Debug|x64
		{A7AAA025-4DD9-427A-ABBA-C1DD1C447B29}.Debug|x64.Build.0 = Debug|x64
		{A7AAA025-4DD9-427A-ABBA-C1DD1C447B29}.Debug|x86.ActiveCfg = Debug|Win32
		{A7AAA025-4DD9-427A-ABBA-C1DD1C447B29}.Debug|x86.Build.0 = Debug|Win32
		{A7AAA025-4DD9-427A-ABBA-C1DD1C447B29}.Release|x64.ActiveCfg = Release|x64
		{A7AAA025-4DD9-427A-ABBA-C1DD1C447B29}.Release|x64.Build.0 = Release|x64
		{A7AAA025-4DD9-427A-ABBA-C1DD1C447B29}.Release|x86.ActiveCfg = Release|Win32
		{A7AAA025-4DD9-427A-ABBA-C1DD1C447B29}.Release|x86.Build.0 = Release|Win32
	EndGlobalSection
	GlobalSection(SolutionProperties) = preSolution
		HideSolutionNode = FALSE
	EndGlobalSection
	GlobalSection(ExtensibilityGlobals) = postSolution
		SolutionGuid = {B8B128F2-C2B2-48EF-8CE9-216617D488A4}
	EndGlobalSection
EndGlobal
